
Microsoft Visual Studio Solution File, Format Version 12.00
# Visual Studio Version 16
VisualStudioVersion = 16.0.31911.196
MinimumVisualStudioVersion = 10.0.40219.1
Project("{FAE04EC0-301F-11D3-BF4B-00C04F79EFBC}") = "BalogaWebToBack", "BalogaWebToBack\BalogaWebToBack.csproj", "{CDF07137-1F16-4962-8EB5-02004A1C6A49}"
EndProject
Global
	GlobalSection(SolutionConfigurationPlatforms) = preSolution
		Debug|Any CPU = Debug|Any CPU
		Release|Any CPU = Release|Any CPU
	EndGlobalSection
	GlobalSection(ProjectConfigurationPlatforms) = postSolution
		{CDF07137-1F16-4962-8EB5-02004A1C6A49}.Debug|Any CPU.ActiveCfg = Debug|Any CPU
		{CDF07137-1F16-4962-8EB5-02004A1C6A49}.Debug|Any CPU.Build.0 = Debug|Any CPU
		{CDF07137-1F16-4962-8EB5-02004A1C6A49}.Release|Any CPU.ActiveCfg = Release|Any CPU
		{CDF07137-1F16-4962-8EB5-02004A1C6A49}.Release|Any CPU.Build.0 = Release|Any CPU
	EndGlobalSection
	GlobalSection(SolutionProperties) = preSolution
		HideSolutionNode = FALSE
	EndGlobalSection
	GlobalSection(ExtensibilityGlobals) = postSolution
		SolutionGuid = {E1AA61F8-E376-418F-830F-9C99F2BFDD33}
	EndGlobalSection
EndGlobal
